// !$*UTF8*$!
{
	archiveVersion = 1;
	classes = {
	};
	objectVersion = 46;
	objects = {

/* Begin PBXBuildFile section */
		865CC71F166008D200300B74 /* UIKit.framework in Frameworks */ = {isa = PBXBuildFile; fileRef = 865CC71E166008D200300B74 /* UIKit.framework */; };
		865CC721166008D200300B74 /* Foundation.framework in Frameworks */ = {isa = PBXBuildFile; fileRef = 865CC720166008D200300B74 /* Foundation.framework */; };
		865CC723166008D200300B74 /* CoreGraphics.framework in Frameworks */ = {isa = PBXBuildFile; fileRef = 865CC722166008D200300B74 /* CoreGraphics.framework */; };
		865CC729166008D200300B74 /* InfoPlist.strings in Resources */ = {isa = PBXBuildFile; fileRef = 865CC727166008D200300B74 /* InfoPlist.strings */; };
		865CC72B166008D200300B74 /* main.m in Sources */ = {isa = PBXBuildFile; fileRef = 865CC72A166008D200300B74 /* main.m */; };
		865CC72F166008D200300B74 /* AppDelegate.m in Sources */ = {isa = PBXBuildFile; fileRef = 865CC72E166008D200300B74 /* AppDelegate.m */; };
		865CC731166008D200300B74 /* Default.png in Resources */ = {isa = PBXBuildFile; fileRef = 865CC730166008D200300B74 /* Default.png */; };
		865CC733166008D200300B74 /* Default@2x.png in Resources */ = {isa = PBXBuildFile; fileRef = 865CC732166008D200300B74 /* Default@2x.png */; };
		865CC735166008D200300B74 /* Default-568h@2x.png in Resources */ = {isa = PBXBuildFile; fileRef = 865CC734166008D200300B74 /* Default-568h@2x.png */; };
		865CC738166008D200300B74 /* ViewController.m in Sources */ = {isa = PBXBuildFile; fileRef = 865CC737166008D200300B74 /* ViewController.m */; };
		865CC73B166008D200300B74 /* ViewController.xib in Resources */ = {isa = PBXBuildFile; fileRef = 865CC739166008D200300B74 /* ViewController.xib */; };
/* End PBXBuildFile section */

/* Begin PBXFileReference section */
		865CC71A166008D200300B74 /* Test_iAd.app */ = {isa = PBXFileReference; explicitFileType = wrapper.application; includeInIndex = 0; path = Test_iAd.app; sourceTree = BUILT_PRODUCTS_DIR; };
		865CC71E166008D200300B74 /* UIKit.framework */ = {isa = PBXFileReference; lastKnownFileType = wrapper.framework; name = UIKit.framework; path = System/Library/Frameworks/UIKit.framework; sourceTree = SDKROOT; };
		865CC720166008D200300B74 /* Foundation.framework */ = {isa = PBXFileReference; lastKnownFileType = wrapper.framework; name = Foundation.framework; path = System/Library/Frameworks/Foundation.framework; sourceTree = SDKROOT; };
		865CC722166008D200300B74 /* CoreGraphics.framework */ = {isa = PBXFileReference; lastKnownFileType = wrapper.framework; name = CoreGraphics.framework; path = System/Library/Frameworks/CoreGraphics.framework; sourceTree = SDKROOT; };
		865CC726166008D200300B74 /* Test_iAd-Info.plist */ = {isa = PBXFileReference; lastKnownFileType = text.plist.xml; path = "Test_iAd-Info.plist"; sourceTree = "<group>"; };
		865CC728166008D200300B74 /* en */ = {isa = PBXFileReference; lastKnownFileType = text.plist.strings; name = en; path = en.lproj/InfoPlist.strings; sourceTree = "<group>"; };
		865CC72A166008D200300B74 /* main.m */ = {isa = PBXFileReference; lastKnownFileType = sourcecode.c.objc; path = main.m; sourceTree = "<group>"; };
		865CC72C166008D200300B74 /* Test_iAd-Prefix.pch */ = {isa = PBXFileReference; lastKnownFileType = sourcecode.c.h; path = "Test_iAd-Prefix.pch"; sourceTree = "<group>"; };
		865CC72D166008D200300B74 /* AppDelegate.h */ = {isa = PBXFileReference; lastKnownFileType = sourcecode.c.h; path = AppDelegate.h; sourceTree = "<group>"; };
		865CC72E166008D200300B74 /* AppDelegate.m */ = {isa = PBXFileReference; lastKnownFileType = sourcecode.c.objc; path = AppDelegate.m; sourceTree = "<group>"; };
		865CC730166008D200300B74 /* Default.png */ = {isa = PBXFileReference; lastKnownFileType = image.png; path = Default.png; sourceTree = "<group>"; };
		865CC732166008D200300B74 /* Default@2x.png */ = {isa = PBXFileReference; lastKnownFileType = image.png; path = "Default@2x.png"; sourceTree = "<group>"; };
		865CC734166008D200300B74 /* Default-568h@2x.png */ = {isa = PBXFileReference; lastKnownFileType = image.png; path = "Default-568h@2x.png"; sourceTree = "<group>"; };
		865CC736166008D200300B74 /* ViewController.h */ = {isa = PBXFileReference; lastKnownFileType = sourcecode.c.h; path = ViewController.h; sourceTree = "<group>"; };
		865CC737166008D200300B74 /* ViewController.m */ = {isa = PBXFileReference; lastKnownFileType = sourcecode.c.objc; path = ViewController.m; sourceTree = "<group>"; };
		865CC73A166008D200300B74 /* en */ = {isa = PBXFileReference; lastKnownFileType = file.xib; name = en; path = en.lproj/ViewController.xib; sourceTree = "<group>"; };
/* End PBXFileReference section */

/* Begin PBXFrameworksBuildPhase section */
		865CC717166008D200300B74 /* Frameworks */ = {
			isa = PBXFrameworksBuildPhase;
			buildActionMask = 2147483647;
			files = (
				865CC71F166008D200300B74 /* UIKit.framework in Frameworks */,
				865CC721166008D200300B74 /* Foundation.framework in Frameworks */,
				865CC723166008D200300B74 /* CoreGraphics.framework in Frameworks */,
			);
			runOnlyForDeploymentPostprocessing = 0;
		};
/* End PBXFrameworksBuildPhase section */

/* Begin PBXGroup section */
		865CC70F166008D200300B74 = {
			isa = PBXGroup;
			children = (
				865CC724166008D200300B74 /* Test_iAd */,
				865CC71D166008D200300B74 /* Frameworks */,
				865CC71B166008D200300B74 /* Products */,
			);
			sourceTree = "<group>";
		};
		865CC71B166008D200300B74 /* Products */ = {
			isa = PBXGroup;
			children = (
				865CC71A166008D200300B74 /* Test_iAd.app */,
			);
			name = Products;
			sourceTree = "<group>";
		};
		865CC71D166008D200300B74 /* Frameworks */ = {
			isa = PBXGroup;
			children = (
				865CC71E166008D200300B74 /* UIKit.framework */,
				865CC720166008D200300B74 /* Foundation.framework */,
				865CC722166008D200300B74 /* CoreGraphics.framework */,
			);
			name = Frameworks;
			sourceTree = "<group>";
		};
		865CC724166008D200300B74 /* Test_iAd */ = {
			isa = PBXGroup;
			children = (
				865CC72D166008D200300B74 /* AppDelegate.h */,
				865CC72E166008D200300B74 /* AppDelegate.m */,
				865CC736166008D200300B74 /* ViewController.h */,
				865CC737166008D200300B74 /* ViewController.m */,
				865CC739166008D200300B74 /* ViewController.xib */,
				865CC725166008D200300B74 /* Supporting Files */,
			);
			path = Test_iAd;
			sourceTree = "<group>";
		};
		865CC725166008D200300B74 /* Supporting Files */ = {
			isa = PBXGroup;
			children = (
				865CC726166008D200300B74 /* Test_iAd-Info.plist */,
				865CC727166008D200300B74 /* InfoPlist.strings */,
				865CC72A166008D200300B74 /* main.m */,
				865CC72C166008D200300B74 /* Test_iAd-Prefix.pch */,
				865CC730166008D200300B74 /* Default.png */,
				865CC732166008D200300B74 /* Default@2x.png */,
				865CC734166008D200300B74 /* Default-568h@2x.png */,
			);
			name = "Supporting Files";
			sourceTree = "<group>";
		};
/* End PBXGroup section */

/* Begin PBXNativeTarget section */
		865CC719166008D200300B74 /* Test_iAd */ = {
			isa = PBXNativeTarget;
			buildConfigurationList = 865CC73E166008D200300B74 /* Build configuration list for PBXNativeTarget "Test_iAd" */;
			buildPhases = (
				865CC716166008D200300B74 /* Sources */,
				865CC717166008D200300B74 /* Frameworks */,
				865CC718166008D200300B74 /* Resources */,
			);
			buildRules = (
			);
			dependencies = (
			);
			name = Test_iAd;
			productName = Test_iAd;
			productReference = 865CC71A166008D200300B74 /* Test_iAd.app */;
			productType = "com.apple.product-type.application";
		};
/* End PBXNativeTarget section */

/* Begin PBXProject section */
		865CC711166008D200300B74 /* Project object */ = {
			isa = PBXProject;
			attributes = {
				LastUpgradeCheck = 0450;
				ORGANIZATIONNAME = "Mritunjay Kumar";
			};
			buildConfigurationList = 865CC714166008D200300B74 /* Build configuration list for PBXProject "Test_iAd" */;
			compatibilityVersion = "Xcode 3.2";
			developmentRegion = English;
			hasScannedForEncodings = 0;
			knownRegions = (
				en,
			);
			mainGroup = 865CC70F166008D200300B74;
			productRefGroup = 865CC71B166008D200300B74 /* Products */;
			projectDirPath = "";
			projectRoot = "";
			targets = (
				865CC719166008D200300B74 /* Test_iAd */,
			);
		};
/* End PBXProject section */

/* Begin PBXResourcesBuildPhase section */
		865CC718166008D200300B74 /* Resources */ = {
			isa = PBXResourcesBuildPhase;
			buildActionMask = 2147483647;
			files = (
				865CC729166008D200300B74 /* InfoPlist.strings in Resources */,
				865CC731166008D200300B74 /* Default.png in Resources */,
				865CC733166008D200300B74 /* Default@2x.png in Resources */,
				865CC735166008D200300B74 /* Default-568h@2x.png in Resources */,
				865CC73B166008D200300B74 /* ViewController.xib in Resources */,
			);
			runOnlyForDeploymentPostprocessing = 0;
		};
/* End PBXResourcesBuildPhase section */

/* Begin PBXSourcesBuildPhase section */
		865CC716166008D200300B74 /* Sources */ = {
			isa = PBXSourcesBuildPhase;
			buildActionMask = 2147483647;
			files = (
				865CC72B166008D200300B74 /* main.m in Sources */,
				865CC72F166008D200300B74 /* AppDelegate.m in Sources */,
				865CC738166008D200300B74 /* ViewController.m in Sources */,
			);
			runOnlyForDeploymentPostprocessing = 0;
		};
/* End PBXSourcesBuildPhase section */

/* Begin PBXVariantGroup section */
		865CC727166008D200300B74 /* InfoPlist.strings */ = {
			isa = PBXVariantGroup;
			children = (
				865CC728166008D200300B74 /* en */,
			);
			name = InfoPlist.strings;
			sourceTree = "<group>";
		};
		865CC739166008D200300B74 /* ViewController.xib */ = {
			isa = PBXVariantGroup;
			children = (
				865CC73A166008D200300B74 /* en */,
			);
			name = ViewController.xib;
			sourceTree = "<group>";
		};
/* End PBXVariantGroup section */

/* Begin XCBuildConfiguration section */
		865CC73C166008D200300B74 /* Debug */ = {
			isa = XCBuildConfiguration;
			buildSettings = {
				ALWAYS_SEARCH_USER_PATHS = NO;
				CLANG_CXX_LANGUAGE_STANDARD = "gnu++0x";
				CLANG_CXX_LIBRARY = "libc++";
				CLANG_WARN_EMPTY_BODY = YES;
				CLANG_WARN__DUPLICATE_METHOD_MATCH = YES;
				"CODE_SIGN_IDENTITY[sdk=iphoneos*]" = "iPhone Developer";
				COPY_PHASE_STRIP = NO;
				GCC_C_LANGUAGE_STANDARD = gnu99;
				GCC_DYNAMIC_NO_PIC = NO;
				GCC_OPTIMIZATION_LEVEL = 0;
				GCC_PREPROCESSOR_DEFINITIONS = (
					"DEBUG=1",
					"$(inherited)",
				);
				GCC_SYMBOLS_PRIVATE_EXTERN = NO;
				GCC_WARN_ABOUT_RETURN_TYPE = YES;
				GCC_WARN_UNINITIALIZED_AUTOS = YES;
				GCC_WARN_UNUSED_VARIABLE = YES;
				IPHONEOS_DEPLOYMENT_TARGET = 6.0;
				ONLY_ACTIVE_ARCH = YES;
				SDKROOT = iphoneos;
			};
			name = Debug;
		};
		865CC73D166008D200300B74 /* Release */ = {
			isa = XCBuildConfiguration;
			buildSettings = {
				ALWAYS_SEARCH_USER_PATHS = NO;
				CLANG_CXX_LANGUAGE_STANDARD = "gnu++0x";
				CLANG_CXX_LIBRARY = "libc++";
				CLANG_WARN_EMPTY_BODY = YES;
				CLANG_WARN__DUPLICATE_METHOD_MATCH = YES;
				"CODE_SIGN_IDENTITY[sdk=iphoneos*]" = "iPhone Developer";
				COPY_PHASE_STRIP = YES;
				GCC_C_LANGUAGE_STANDARD = gnu99;
				GCC_WARN_ABOUT_RETURN_TYPE = YES;
				GCC_WARN_UNINITIALIZED_AUTOS = YES;
				GCC_WARN_UNUSED_VARIABLE = YES;
				IPHONEOS_DEPLOYMENT_TARGET = 6.0;
				OTHER_CFLAGS = "-DNS_BLOCK_ASSERTIONS=1";
				SDKROOT = iphoneos;
				VALIDATE_PRODUCT = YES;
			};
			name = Release;
		};
		865CC73F166008D200300B74 /* Debug */ = {
			isa = XCBuildConfiguration;
			buildSettings = {
				GCC_PRECOMPILE_PREFIX_HEADER = YES;
				GCC_PREFIX_HEADER = "Test_iAd/Test_iAd-Prefix.pch";
				INFOPLIST_FILE = "Test_iAd/Test_iAd-Info.plist";
				PRODUCT_NAME = "$(TARGET_NAME)";
				WRAPPER_EXTENSION = app;
			};
			name = Debug;
		};
		865CC740166008D200300B74 /* Release */ = {
			isa = XCBuildConfiguration;
			buildSettings = {
				GCC_PRECOMPILE_PREFIX_HEADER = YES;
				GCC_PREFIX_HEADER = "Test_iAd/Test_iAd-Prefix.pch";
				INFOPLIST_FILE = "Test_iAd/Test_iAd-Info.plist";
				PRODUCT_NAME = "$(TARGET_NAME)";
				WRAPPER_EXTENSION = app;
			};
			name = Release;
		};
/* End XCBuildConfiguration section */

/* Begin XCConfigurationList section */
		865CC714166008D200300B74 /* Build configuration list for PBXProject "Test_iAd" */ = {
			isa = XCConfigurationList;
			buildConfigurations = (
				865CC73C166008D200300B74 /* Debug */,
				865CC73D166008D200300B74 /* Release */,
			);
			defaultConfigurationIsVisible = 0;
			defaultConfigurationName = Release;
		};
		865CC73E166008D200300B74 /* Build configuration list for PBXNativeTarget "Test_iAd" */ = {
			isa = XCConfigurationList;
			buildConfigurations = (
				865CC73F166008D200300B74 /* Debug */,
				865CC740166008D200300B74 /* Release */,
			);
			defaultConfigurationIsVisible = 0;
		};
/* End XCConfigurationList section */
	};
	rootObject = 865CC711166008D200300B74 /* Project object */;
}
